
Microsoft Visual Studio Solution File, Format Version 12.00
# Visual Studio Version 17
VisualStudioVersion = 17.10.35027.167
MinimumVisualStudioVersion = 10.0.40219.1
Project("{FAE04EC0-301F-11D3-BF4B-00C04F79EFBC}") = "Complex", "Complex.csproj", "{416514E1-B186-4097-B343-18EA66957844}"
EndProject
Global
	GlobalSection(SolutionConfigurationPlatforms) = preSolution
		Debug|Any CPU = Debug|Any CPU
		Release|Any CPU = Release|Any CPU
	EndGlobalSection
	GlobalSection(ProjectConfigurationPlatforms) = postSolution
		{416514E1-B186-4097-B343-18EA66957844}.Debug|Any CPU.ActiveCfg = Debug|Any CPU
		{416514E1-B186-4097-B343-18EA66957844}.Debug|Any CPU.Build.0 = Debug|Any CPU
		{416514E1-B186-4097-B343-18EA66957844}.Release|Any CPU.ActiveCfg = Release|Any CPU
		{416514E1-B186-4097-B343-18EA66957844}.Release|Any CPU.Build.0 = Release|Any CPU
	EndGlobalSection
	GlobalSection(SolutionProperties) = preSolution
		HideSolutionNode = FALSE
	EndGlobalSection
	GlobalSection(ExtensibilityGlobals) = postSolution
		SolutionGuid = {DAAB3135-25C9-415E-8D81-E16B440A15D9}
	EndGlobalSection
EndGlobal
